<?xml version="1.0" encoding="utf-8"?>
<Project ToolsVersion="4.0" xmlns="http://schemas.microsoft.com/developer/msbuild/2003">
  <ItemGroup>
    <Filter Include="Header Files">
      <UniqueIdentifier>{93995380-89BD-4b04-88EB-625FBE52EBFB}</UniqueIdentifier>
      <Extensions>h;hh;hpp;hxx;hm;inl;inc;xsd</Extensions>
    </Filter>
    <Filter Include="View">
      <UniqueIdentifier>{4c5921d3-8d58-4761-81f0-2c8d45cd9002}</UniqueIdentifier>
    </Filter>
    <Filter Include="Controllers">
      <UniqueIdentifier>{b7f70ef2-7bec-4299-b1cf-7314e200057b}</UniqueIdentifier>
    </Filter>
    <Filter Include="Models">
      <UniqueIdentifier>{1f8d9290-dfa6-4ab5-b8be-73fcc7d0671d}</UniqueIdentifier>
    </Filter>
    <Filter Include="Sources Files">
      <UniqueIdentifier>{0efbd164-5795-4db5-8dbb-ca794bedddaf}</UniqueIdentifier>
    </Filter>
    <Filter Include="Observer">
      <UniqueIdentifier>{944c5453-4e8b-4c21-9640-96aa22ca3943}</UniqueIdentifier>
    </Filter>
    <Filter Include="View\QT Files">
      <UniqueIdentifier>{34ecb2a3-b19f-40ff-904f-10a6ce43c316}</UniqueIdentifier>
    </Filter>
    <Filter Include="View\QT Files\Form Files">
      <UniqueIdentifier>{99349809-55BA-4b9d-BF79-8FDBB0286EB3}</UniqueIdentifier>
      <Extensions>ui</Extensions>
    </Filter>
    <Filter Include="View\QT Files\Resource Files">
      <UniqueIdentifier>{67DA6AB6-F800-4c08-8B7A-83BB121AAD01}</UniqueIdentifier>
      <Extensions>qrc;rc;ico;cur;bmp;dlg;rc2;rct;bin;rgs;gif;jpg;jpeg;jpe;resx;tiff;tif;png;wav;mfcribbon-ms</Extensions>
    </Filter>
    <Filter Include="View\QT Files\Translation Files">
      <UniqueIdentifier>{639EADAA-A684-42e4-A9AD-28FC9BCB8F7C}</UniqueIdentifier>
      <Extensions>ts</Extensions>
    </Filter>
  </ItemGroup>
  <ItemGroup>
    <QtRcc Include="TP3_GestionEtu.qrc">
      <Filter>View\QT Files\Resource Files</Filter>
    </QtRcc>
    <QtUic Include="TP3_GestionEtu.ui">
      <Filter>View\QT Files\Form Files</Filter>
    </QtUic>
  </ItemGroup>
  <ItemGroup>
    <ClCompile Include="TP3_GestionEtu.cpp">
      <Filter>View</Filter>
    </ClCompile>
    <ClCompile Include="main.cpp">
      <Filter>Sources Files</Filter>
    </ClCompile>
    <ClCompile Include="student.cpp">
      <Filter>Models</Filter>
    </ClCompile>
    <ClCompile Include="promotion.cpp">
      <Filter>Models</Filter>
    </ClCompile>
    <ClCompile Include="viewList.cpp">
      <Filter>View</Filter>
    </ClCompile>
    <ClCompile Include="viewForms.cpp">
      <Filter>View</Filter>
    </ClCompile>
    <ClCompile Include="viewHistogram.cpp">
      <Filter>View</Filter>
    </ClCompile>
    <ClCompile Include="viewPieChart.cpp">
      <Filter>View</Filter>
    </ClCompile>
  </ItemGroup>
  <ItemGroup>
    <QtMoc Include="TP3_GestionEtu.h">
      <Filter>View</Filter>
    </QtMoc>
  </ItemGroup>
  <ItemGroup>
    <ClInclude Include="student.h">
      <Filter>Models</Filter>
    </ClInclude>
    <ClInclude Include="promotion.h">
      <Filter>Models</Filter>
    </ClInclude>
    <ClInclude Include="observer.h">
      <Filter>Observer</Filter>
    </ClInclude>
    <ClInclude Include="viewPieChart.h">
      <Filter>View</Filter>
    </ClInclude>
    <ClInclude Include="viewList.h">
      <Filter>View</Filter>
    </ClInclude>
    <ClInclude Include="viewHistogram.h">
      <Filter>View</Filter>
    </ClInclude>
    <ClInclude Include="viewForms.h">
      <Filter>View</Filter>
    </ClInclude>
  </ItemGroup>
</Project>